<Solution>
  <Configurations>
    <Platform Name="x64" />
    <Platform Name="x86" />
  </Configurations>
  <Project Path="BuildDistribution.vcxproj" Id="374a20c6-7fdb-4274-b6cd-6cfe1236b151">
    <BuildDependency Project="CodeEdit.vcxproj" />
  </Project>
  <Project Path="CodeEdit.vcxproj" Id="57177c04-c12c-4f7b-a8ce-4818187d19d1" />
  <Project Path="TestEditor.vcxproj" Id="868414ec-137d-4468-b778-d88272f07ac8">
    <BuildDependency Project="CodeEdit.vcxproj" />
  </Project>
</Solution>
